
Microsoft Visual Studio Solution File, Format Version 12.00
# Visual Studio Version 16
VisualStudioVersion = 25.0.1706.14
MinimumVisualStudioVersion = 10.0.40219.1
Project("{FAE04EC0-301F-11D3-BF4B-00C04F79EFBC}") = "Individual_Project_v50_To_Do_List", "Individual_Project_v50_To_Do_List.csproj", "{82234956-8040-46E0-9BDB-EEDA7CBB53F8}"
EndProject
Global
	GlobalSection(SolutionConfigurationPlatforms) = preSolution
		Debug|Any CPU = Debug|Any CPU
		Release|Any CPU = Release|Any CPU
	EndGlobalSection
	GlobalSection(ProjectConfigurationPlatforms) = postSolution
		{82234956-8040-46E0-9BDB-EEDA7CBB53F8}.Debug|Any CPU.ActiveCfg = Debug|Any CPU
		{82234956-8040-46E0-9BDB-EEDA7CBB53F8}.Debug|Any CPU.Build.0 = Debug|Any CPU
		{82234956-8040-46E0-9BDB-EEDA7CBB53F8}.Release|Any CPU.ActiveCfg = Release|Any CPU
		{82234956-8040-46E0-9BDB-EEDA7CBB53F8}.Release|Any CPU.Build.0 = Release|Any CPU
	EndGlobalSection
	GlobalSection(SolutionProperties) = preSolution
		HideSolutionNode = FALSE
	EndGlobalSection
	GlobalSection(ExtensibilityGlobals) = postSolution
		SolutionGuid = {A1A92DE2-769F-48A0-BC3C-AD6C5C1F83C3}
	EndGlobalSection
EndGlobal
